
Microsoft Visual Studio Solution File, Format Version 12.00
# Visual Studio 15
VisualStudioVersion = 15.0.28307.438
MinimumVisualStudioVersion = 10.0.40219.1
Project("{FAE04EC0-301F-11D3-BF4B-00C04F79EFBC}") = "Sitecore.xDBHelper", "Sitecore.xDBHelper\Sitecore.xDBHelper.csproj", "{0A38FFF8-306D-4180-A165-E2B74947842D}"
EndProject
Global
	GlobalSection(SolutionConfigurationPlatforms) = preSolution
		Debug|Any CPU = Debug|Any CPU
		Release|Any CPU = Release|Any CPU
	EndGlobalSection
	GlobalSection(ProjectConfigurationPlatforms) = postSolution
		{0A38FFF8-306D-4180-A165-E2B74947842D}.Debug|Any CPU.ActiveCfg = Debug|Any CPU
		{0A38FFF8-306D-4180-A165-E2B74947842D}.Debug|Any CPU.Build.0 = Debug|Any CPU
		{0A38FFF8-306D-4180-A165-E2B74947842D}.Release|Any CPU.ActiveCfg = Release|Any CPU
		{0A38FFF8-306D-4180-A165-E2B74947842D}.Release|Any CPU.Build.0 = Release|Any CPU
	EndGlobalSection
	GlobalSection(SolutionProperties) = preSolution
		HideSolutionNode = FALSE
	EndGlobalSection
	GlobalSection(ExtensibilityGlobals) = postSolution
		SolutionGuid = {846CF213-1387-4387-A5C5-5E5135C6A11D}
	EndGlobalSection
EndGlobal
